
Microsoft Visual Studio Solution File, Format Version 12.00
# Visual Studio 15
VisualStudioVersion = 15.0.28307.572
MinimumVisualStudioVersion = 10.0.40219.1
Project("{2150E333-8FDC-42A3-9474-1A3956D46DE8}") = "Negocio", "Negocio", "{38D30BEB-386D-4CF0-B702-F68A8D80DB5E}"
EndProject
Project("{2150E333-8FDC-42A3-9474-1A3956D46DE8}") = "Presentacion", "Presentacion", "{3C297602-4E8F-43C8-A13E-07B3FA9FF9E8}"
EndProject
Project("{2150E333-8FDC-42A3-9474-1A3956D46DE8}") = "Datos", "Datos", "{7A315B38-2600-4CC7-AE89-6B516206FCC0}"
EndProject
Project("{FAE04EC0-301F-11D3-BF4B-00C04F79EFBC}") = "Negocio", "Negocio\Negocio.csproj", "{BDDC3206-3DBC-4040-91E0-0C5C12C1D49F}"
EndProject
Project("{FAE04EC0-301F-11D3-BF4B-00C04F79EFBC}") = "Datos", "Datos\Datos.csproj", "{1642F9A2-4A9F-4E99-8F01-78CFC9347E27}"
EndProject
Project("{FAE04EC0-301F-11D3-BF4B-00C04F79EFBC}") = "VistaPresentacion", "VistaPresentacion\VistaPresentacion.csproj", "{5C2E439C-A054-4D5D-8425-9F69F0310C32}"
EndProject
Global
	GlobalSection(SolutionConfigurationPlatforms) = preSolution
		Debug|Any CPU = Debug|Any CPU
		Release|Any CPU = Release|Any CPU
	EndGlobalSection
	GlobalSection(ProjectConfigurationPlatforms) = postSolution
		{BDDC3206-3DBC-4040-91E0-0C5C12C1D49F}.Debug|Any CPU.ActiveCfg = Debug|Any CPU
		{BDDC3206-3DBC-4040-91E0-0C5C12C1D49F}.Debug|Any CPU.Build.0 = Debug|Any CPU
		{BDDC3206-3DBC-4040-91E0-0C5C12C1D49F}.Release|Any CPU.ActiveCfg = Release|Any CPU
		{BDDC3206-3DBC-4040-91E0-0C5C12C1D49F}.Release|Any CPU.Build.0 = Release|Any CPU
		{1642F9A2-4A9F-4E99-8F01-78CFC9347E27}.Debug|Any CPU.ActiveCfg = Debug|Any CPU
		{1642F9A2-4A9F-4E99-8F01-78CFC9347E27}.Debug|Any CPU.Build.0 = Debug|Any CPU
		{1642F9A2-4A9F-4E99-8F01-78CFC9347E27}.Release|Any CPU.ActiveCfg = Release|Any CPU
		{1642F9A2-4A9F-4E99-8F01-78CFC9347E27}.Release|Any CPU.Build.0 = Release|Any CPU
		{5C2E439C-A054-4D5D-8425-9F69F0310C32}.Debug|Any CPU.ActiveCfg = Debug|Any CPU
		{5C2E439C-A054-4D5D-8425-9F69F0310C32}.Debug|Any CPU.Build.0 = Debug|Any CPU
		{5C2E439C-A054-4D5D-8425-9F69F0310C32}.Release|Any CPU.ActiveCfg = Release|Any CPU
		{5C2E439C-A054-4D5D-8425-9F69F0310C32}.Release|Any CPU.Build.0 = Release|Any CPU
	EndGlobalSection
	GlobalSection(SolutionProperties) = preSolution
		HideSolutionNode = FALSE
	EndGlobalSection
	GlobalSection(NestedProjects) = preSolution
		{BDDC3206-3DBC-4040-91E0-0C5C12C1D49F} = {38D30BEB-386D-4CF0-B702-F68A8D80DB5E}
		{1642F9A2-4A9F-4E99-8F01-78CFC9347E27} = {7A315B38-2600-4CC7-AE89-6B516206FCC0}
		{5C2E439C-A054-4D5D-8425-9F69F0310C32} = {3C297602-4E8F-43C8-A13E-07B3FA9FF9E8}
	EndGlobalSection
	GlobalSection(ExtensibilityGlobals) = postSolution
		SolutionGuid = {EE358886-77B7-4DA2-B05B-0D894EC4E48E}
	EndGlobalSection
EndGlobal
